
Microsoft Visual Studio Solution File, Format Version 12.00
# Visual Studio Version 17
VisualStudioVersion = 17.7.34031.279
MinimumVisualStudioVersion = 10.0.40219.1
Project("{FAE04EC0-301F-11D3-BF4B-00C04F79EFBC}") = "Ex 20", "Ex 20.csproj", "{CE99E65E-5D27-4F9D-A418-3CF238E89566}"
EndProject
Global
	GlobalSection(SolutionConfigurationPlatforms) = preSolution
		Debug|Any CPU = Debug|Any CPU
		Release|Any CPU = Release|Any CPU
	EndGlobalSection
	GlobalSection(ProjectConfigurationPlatforms) = postSolution
		{CE99E65E-5D27-4F9D-A418-3CF238E89566}.Debug|Any CPU.ActiveCfg = Debug|Any CPU
		{CE99E65E-5D27-4F9D-A418-3CF238E89566}.Debug|Any CPU.Build.0 = Debug|Any CPU
		{CE99E65E-5D27-4F9D-A418-3CF238E89566}.Release|Any CPU.ActiveCfg = Release|Any CPU
		{CE99E65E-5D27-4F9D-A418-3CF238E89566}.Release|Any CPU.Build.0 = Release|Any CPU
	EndGlobalSection
	GlobalSection(SolutionProperties) = preSolution
		HideSolutionNode = FALSE
	EndGlobalSection
	GlobalSection(ExtensibilityGlobals) = postSolution
		SolutionGuid = {762C97C3-812F-4F7B-BDB6-E9AF1310C097}
	EndGlobalSection
EndGlobal
