
Microsoft Visual Studio Solution File, Format Version 12.00
# Visual Studio Version 17
VisualStudioVersion = 17.7.34031.279
MinimumVisualStudioVersion = 10.0.40219.1
Project("{FAE04EC0-301F-11D3-BF4B-00C04F79EFBC}") = "Ex 31", "Ex 31.csproj", "{C230A871-8DE5-4531-AC8C-C3253EE58420}"
EndProject
Global
	GlobalSection(SolutionConfigurationPlatforms) = preSolution
		Debug|Any CPU = Debug|Any CPU
		Release|Any CPU = Release|Any CPU
	EndGlobalSection
	GlobalSection(ProjectConfigurationPlatforms) = postSolution
		{C230A871-8DE5-4531-AC8C-C3253EE58420}.Debug|Any CPU.ActiveCfg = Debug|Any CPU
		{C230A871-8DE5-4531-AC8C-C3253EE58420}.Debug|Any CPU.Build.0 = Debug|Any CPU
		{C230A871-8DE5-4531-AC8C-C3253EE58420}.Release|Any CPU.ActiveCfg = Release|Any CPU
		{C230A871-8DE5-4531-AC8C-C3253EE58420}.Release|Any CPU.Build.0 = Release|Any CPU
	EndGlobalSection
	GlobalSection(SolutionProperties) = preSolution
		HideSolutionNode = FALSE
	EndGlobalSection
	GlobalSection(ExtensibilityGlobals) = postSolution
		SolutionGuid = {902A953C-2F20-43B3-8EE1-2E4D766A545E}
	EndGlobalSection
EndGlobal
