
Microsoft Visual Studio Solution File, Format Version 12.00
# Visual Studio Version 17
VisualStudioVersion = 17.7.34031.279
MinimumVisualStudioVersion = 10.0.40219.1
Project("{FAE04EC0-301F-11D3-BF4B-00C04F79EFBC}") = "Ex  29", "Ex  29.csproj", "{064B3B54-C43A-483F-BFFF-509C7BBF3369}"
EndProject
Global
	GlobalSection(SolutionConfigurationPlatforms) = preSolution
		Debug|Any CPU = Debug|Any CPU
		Release|Any CPU = Release|Any CPU
	EndGlobalSection
	GlobalSection(ProjectConfigurationPlatforms) = postSolution
		{064B3B54-C43A-483F-BFFF-509C7BBF3369}.Debug|Any CPU.ActiveCfg = Debug|Any CPU
		{064B3B54-C43A-483F-BFFF-509C7BBF3369}.Debug|Any CPU.Build.0 = Debug|Any CPU
		{064B3B54-C43A-483F-BFFF-509C7BBF3369}.Release|Any CPU.ActiveCfg = Release|Any CPU
		{064B3B54-C43A-483F-BFFF-509C7BBF3369}.Release|Any CPU.Build.0 = Release|Any CPU
	EndGlobalSection
	GlobalSection(SolutionProperties) = preSolution
		HideSolutionNode = FALSE
	EndGlobalSection
	GlobalSection(ExtensibilityGlobals) = postSolution
		SolutionGuid = {F2820D2B-3D0F-4943-A640-E1C7FD88C37E}
	EndGlobalSection
EndGlobal
