
Microsoft Visual Studio Solution File, Format Version 12.00
# Visual Studio Version 17
VisualStudioVersion = 17.7.34031.279
MinimumVisualStudioVersion = 10.0.40219.1
Project("{FAE04EC0-301F-11D3-BF4B-00C04F79EFBC}") = "Ex 21", "Ex 21.csproj", "{2600903F-A696-403F-B9D9-A8C945BB39FA}"
EndProject
Global
	GlobalSection(SolutionConfigurationPlatforms) = preSolution
		Debug|Any CPU = Debug|Any CPU
		Release|Any CPU = Release|Any CPU
	EndGlobalSection
	GlobalSection(ProjectConfigurationPlatforms) = postSolution
		{2600903F-A696-403F-B9D9-A8C945BB39FA}.Debug|Any CPU.ActiveCfg = Debug|Any CPU
		{2600903F-A696-403F-B9D9-A8C945BB39FA}.Debug|Any CPU.Build.0 = Debug|Any CPU
		{2600903F-A696-403F-B9D9-A8C945BB39FA}.Release|Any CPU.ActiveCfg = Release|Any CPU
		{2600903F-A696-403F-B9D9-A8C945BB39FA}.Release|Any CPU.Build.0 = Release|Any CPU
	EndGlobalSection
	GlobalSection(SolutionProperties) = preSolution
		HideSolutionNode = FALSE
	EndGlobalSection
	GlobalSection(ExtensibilityGlobals) = postSolution
		SolutionGuid = {D4A9BED6-9B2A-4CD1-80EE-029786808ABD}
	EndGlobalSection
EndGlobal
